
Microsoft Visual Studio Solution File, Format Version 12.00
# Visual Studio Version 17
VisualStudioVersion = 17.5.33530.505
MinimumVisualStudioVersion = 10.0.40219.1
Project("{FAE04EC0-301F-11D3-BF4B-00C04F79EFBC}") = "FileRenamer", "FileRenamer\FileRenamer.csproj", "{DE482BCE-719A-416B-9E2A-F2FD13FCEB9F}"
EndProject
Global
	GlobalSection(SolutionConfigurationPlatforms) = preSolution
		Debug|Any CPU = Debug|Any CPU
		Release|Any CPU = Release|Any CPU
	EndGlobalSection
	GlobalSection(ProjectConfigurationPlatforms) = postSolution
		{DE482BCE-719A-416B-9E2A-F2FD13FCEB9F}.Debug|Any CPU.ActiveCfg = Debug|Any CPU
		{DE482BCE-719A-416B-9E2A-F2FD13FCEB9F}.Debug|Any CPU.Build.0 = Debug|Any CPU
		{DE482BCE-719A-416B-9E2A-F2FD13FCEB9F}.Release|Any CPU.ActiveCfg = Release|Any CPU
		{DE482BCE-719A-416B-9E2A-F2FD13FCEB9F}.Release|Any CPU.Build.0 = Release|Any CPU
	EndGlobalSection
	GlobalSection(SolutionProperties) = preSolution
		HideSolutionNode = FALSE
	EndGlobalSection
	GlobalSection(ExtensibilityGlobals) = postSolution
		SolutionGuid = {49CA615C-FFF5-451E-A960-136EBCFF1BD9}
	EndGlobalSection
EndGlobal
